# THIS IS AN AUTOGENERATED FILE. DO NOT EDIT THIS FILE DIRECTLY.
# yarn lockfile v1


"@tauri-apps/api@^1.0.0-rc.4":
  "integrity" "sha512-1HaUsx8+TzFHDoQ+Mmd6RWaMsPyZlurQHgACDt+il5e/ui6pDkumVXaS92SnY5XOcS4gBC0BkgjVfkWgcm/Oww=="
  "resolved" "https://registry.npmjs.org/@tauri-apps/api/-/api-1.0.0-rc.4.tgz"
  "version" "1.0.0-rc.4"
  dependencies:
    "type-fest" "2.12.2"

"@tauri-apps/cli-darwin-x64@1.0.0-rc.9":
  "integrity" "sha512-ku8QpMNrfqyCk2adLdVB+zzaCb7T0/RgVvaqEZqK54WW4blUxkeKHbKqZ/SKRdxTkghHbgJIoBtlk1A5GUbAwg=="
  "resolved" "https://registry.npmjs.org/@tauri-apps/cli-darwin-x64/-/cli-darwin-x64-1.0.0-rc.9.tgz"
  "version" "1.0.0-rc.9"

"@tauri-apps/cli@^1.0.0-rc.9":
  "integrity" "sha512-j+HZ65wdfFrMwisYeQpdZnldONevBPHjAo9v9Impf0irUU2UR5nwyvyArHTaWCvNeqEs+YV4XXHsfm2xVpnaug=="
  "resolved" "https://registry.npmjs.org/@tauri-apps/cli/-/cli-1.0.0-rc.9.tgz"
  "version" "1.0.0-rc.9"
  optionalDependencies:
    "@tauri-apps/cli-darwin-arm64" "1.0.0-rc.9"
    "@tauri-apps/cli-darwin-x64" "1.0.0-rc.9"
    "@tauri-apps/cli-linux-arm-gnueabihf" "1.0.0-rc.9"
    "@tauri-apps/cli-linux-arm64-gnu" "1.0.0-rc.9"
    "@tauri-apps/cli-linux-arm64-musl" "1.0.0-rc.9"
    "@tauri-apps/cli-linux-x64-gnu" "1.0.0-rc.9"
    "@tauri-apps/cli-linux-x64-musl" "1.0.0-rc.9"
    "@tauri-apps/cli-win32-ia32-msvc" "1.0.0-rc.9"
    "@tauri-apps/cli-win32-x64-msvc" "1.0.0-rc.9"

"type-fest@2.12.2":
  "integrity" "sha512-qt6ylCGpLjZ7AaODxbpyBZSs9fCI9SkL3Z9q2oxMBQhs/uyY+VD8jHA8ULCGmWQJlBgqvO3EJeAngOHD8zQCrQ=="
  "resolved" "https://registry.npmjs.org/type-fest/-/type-fest-2.12.2.tgz"
  "version" "2.12.2"
